
Microsoft Visual Studio Solution File, Format Version 12.00
# Visual Studio Version 17
VisualStudioVersion = 17.8.34330.188
MinimumVisualStudioVersion = 10.0.40219.1
Project("{FAE04EC0-301F-11D3-BF4B-00C04F79EFBC}") = "DuniceCase", "DuniceCase\DuniceCase.csproj", "{04C8129C-65CE-4C49-AEA8-04EE888EA5FE}"
EndProject
Global
	GlobalSection(SolutionConfigurationPlatforms) = preSolution
		Debug|Any CPU = Debug|Any CPU
		Release|Any CPU = Release|Any CPU
	EndGlobalSection
	GlobalSection(ProjectConfigurationPlatforms) = postSolution
		{04C8129C-65CE-4C49-AEA8-04EE888EA5FE}.Debug|Any CPU.ActiveCfg = Debug|Any CPU
		{04C8129C-65CE-4C49-AEA8-04EE888EA5FE}.Debug|Any CPU.Build.0 = Debug|Any CPU
		{04C8129C-65CE-4C49-AEA8-04EE888EA5FE}.Release|Any CPU.ActiveCfg = Release|Any CPU
		{04C8129C-65CE-4C49-AEA8-04EE888EA5FE}.Release|Any CPU.Build.0 = Release|Any CPU
	EndGlobalSection
	GlobalSection(SolutionProperties) = preSolution
		HideSolutionNode = FALSE
	EndGlobalSection
	GlobalSection(ExtensibilityGlobals) = postSolution
		SolutionGuid = {BB38AC29-A768-48FB-A461-DFE83E950D62}
	EndGlobalSection
EndGlobal
